// !$*UTF8*$!
{
	archiveVersion = 1;
	classes = {
	};
	objectVersion = 55;
	objects = {

/* Begin PBXBuildFile section */
		33A294D327E89CDF005EA0C0 /* LandmarksApp.swift in Sources */ = {isa = PBXBuildFile; fileRef = 33A294D227E89CDF005EA0C0 /* LandmarksApp.swift */; };
		33A294D527E89CDF005EA0C0 /* ContentView.swift in Sources */ = {isa = PBXBuildFile; fileRef = 33A294D427E89CDF005EA0C0 /* ContentView.swift */; };
		33A294D727E89CE1005EA0C0 /* Assets.xcassets in Resources */ = {isa = PBXBuildFile; fileRef = 33A294D627E89CE1005EA0C0 /* Assets.xcassets */; };
		33A294DA27E89CE1005EA0C0 /* Preview Assets.xcassets in Resources */ = {isa = PBXBuildFile; fileRef = 33A294D927E89CE1005EA0C0 /* Preview Assets.xcassets */; };
		33A294E427E89CE2005EA0C0 /* LandmarksTests.swift in Sources */ = {isa = PBXBuildFile; fileRef = 33A294E327E89CE2005EA0C0 /* LandmarksTests.swift */; };
		33A294EE27E89CE2005EA0C0 /* LandmarksUITests.swift in Sources */ = {isa = PBXBuildFile; fileRef = 33A294ED27E89CE2005EA0C0 /* LandmarksUITests.swift */; };
		33A294F027E89CE2005EA0C0 /* LandmarksUITestsLaunchTests.swift in Sources */ = {isa = PBXBuildFile; fileRef = 33A294EF27E89CE2005EA0C0 /* LandmarksUITestsLaunchTests.swift */; };
		33A294FD27E8A67B005EA0C0 /* CircleImage.swift in Sources */ = {isa = PBXBuildFile; fileRef = 33A294FC27E8A67B005EA0C0 /* CircleImage.swift */; };
		33A294FF27E8A80F005EA0C0 /* MapView.swift in Sources */ = {isa = PBXBuildFile; fileRef = 33A294FE27E8A80F005EA0C0 /* MapView.swift */; };
		33A2950127E8C74B005EA0C0 /* landmarkData.json in Resources */ = {isa = PBXBuildFile; fileRef = 33A2950027E8C74A005EA0C0 /* landmarkData.json */; };
		33A2950327E8C778005EA0C0 /* Landmark.swift in Sources */ = {isa = PBXBuildFile; fileRef = 33A2950227E8C778005EA0C0 /* Landmark.swift */; };
		33A2950527E8CAD0005EA0C0 /* ModelData.swift in Sources */ = {isa = PBXBuildFile; fileRef = 33A2950427E8CAD0005EA0C0 /* ModelData.swift */; };
/* End PBXBuildFile section */

/* Begin PBXContainerItemProxy section */
		33A294E027E89CE2005EA0C0 /* PBXContainerItemProxy */ = {
			isa = PBXContainerItemProxy;
			containerPortal = 33A294C727E89CDF005EA0C0 /* Project object */;
			proxyType = 1;
			remoteGlobalIDString = 33A294CE27E89CDF005EA0C0;
			remoteInfo = Landmarks;
		};
		33A294EA27E89CE2005EA0C0 /* PBXContainerItemProxy */ = {
			isa = PBXContainerItemProxy;
			containerPortal = 33A294C727E89CDF005EA0C0 /* Project object */;
			proxyType = 1;
			remoteGlobalIDString = 33A294CE27E89CDF005EA0C0;
			remoteInfo = Landmarks;
		};
/* End PBXContainerItemProxy section */

/* Begin PBXFileReference section */
		33A294CF27E89CDF005EA0C0 /* Landmarks.app */ = {isa = PBXFileReference; explicitFileType = wrapper.application; includeInIndex = 0; path = Landmarks.app; sourceTree = BUILT_PRODUCTS_DIR; };
		33A294D227E89CDF005EA0C0 /* LandmarksApp.swift */ = {isa = PBXFileReference; lastKnownFileType = sourcecode.swift; path = LandmarksApp.swift; sourceTree = "<group>"; };
		33A294D427E89CDF005EA0C0 /* ContentView.swift */ = {isa = PBXFileReference; lastKnownFileType = sourcecode.swift; path = ContentView.swift; sourceTree = "<group>"; };
		33A294D627E89CE1005EA0C0 /* Assets.xcassets */ = {isa = PBXFileReference; lastKnownFileType = folder.assetcatalog; path = Assets.xcassets; sourceTree = "<group>"; };
		33A294D927E89CE1005EA0C0 /* Preview Assets.xcassets */ = {isa = PBXFileReference; lastKnownFileType = folder.assetcatalog; path = "Preview Assets.xcassets"; sourceTree = "<group>"; };
		33A294DF27E89CE2005EA0C0 /* LandmarksTests.xctest */ = {isa = PBXFileReference; explicitFileType = wrapper.cfbundle; includeInIndex = 0; path = LandmarksTests.xctest; sourceTree = BUILT_PRODUCTS_DIR; };
		33A294E327E89CE2005EA0C0 /* LandmarksTests.swift */ = {isa = PBXFileReference; lastKnownFileType = sourcecode.swift; path = LandmarksTests.swift; sourceTree = "<group>"; };
		33A294E927E89CE2005EA0C0 /* LandmarksUITests.xctest */ = {isa = PBXFileReference; explicitFileType = wrapper.cfbundle; includeInIndex = 0; path = LandmarksUITests.xctest; sourceTree = BUILT_PRODUCTS_DIR; };
		33A294ED27E89CE2005EA0C0 /* LandmarksUITests.swift */ = {isa = PBXFileReference; lastKnownFileType = sourcecode.swift; path = LandmarksUITests.swift; sourceTree = "<group>"; };
		33A294EF27E89CE2005EA0C0 /* LandmarksUITestsLaunchTests.swift */ = {isa = PBXFileReference; lastKnownFileType = sourcecode.swift; path = LandmarksUITestsLaunchTests.swift; sourceTree = "<group>"; };
		33A294FC27E8A67B005EA0C0 /* CircleImage.swift */ = {isa = PBXFileReference; lastKnownFileType = sourcecode.swift; path = CircleImage.swift; sourceTree = "<group>"; };
		33A294FE27E8A80F005EA0C0 /* MapView.swift */ = {isa = PBXFileReference; lastKnownFileType = sourcecode.swift; path = MapView.swift; sourceTree = "<group>"; };
		33A2950027E8C74A005EA0C0 /* landmarkData.json */ = {isa = PBXFileReference; fileEncoding = 4; lastKnownFileType = text.json; path = landmarkData.json; sourceTree = "<group>"; };
		33A2950227E8C778005EA0C0 /* Landmark.swift */ = {isa = PBXFileReference; lastKnownFileType = sourcecode.swift; path = Landmark.swift; sourceTree = "<group>"; };
		33A2950427E8CAD0005EA0C0 /* ModelData.swift */ = {isa = PBXFileReference; lastKnownFileType = sourcecode.swift; path = ModelData.swift; sourceTree = "<group>"; };
/* End PBXFileReference section */

/* Begin PBXFrameworksBuildPhase section */
		33A294CC27E89CDF005EA0C0 /* Frameworks */ = {
			isa = PBXFrameworksBuildPhase;
			buildActionMask = 2147483647;
			files = (
			);
			runOnlyForDeploymentPostprocessing = 0;
		};
		33A294DC27E89CE2005EA0C0 /* Frameworks */ = {
			isa = PBXFrameworksBuildPhase;
			buildActionMask = 2147483647;
			files = (
			);
			runOnlyForDeploymentPostprocessing = 0;
		};
		33A294E627E89CE2005EA0C0 /* Frameworks */ = {
			isa = PBXFrameworksBuildPhase;
			buildActionMask = 2147483647;
			files = (
			);
			runOnlyForDeploymentPostprocessing = 0;
		};
/* End PBXFrameworksBuildPhase section */

/* Begin PBXGroup section */
		33A294C627E89CDF005EA0C0 = {
			isa = PBXGroup;
			children = (
				33A294D127E89CDF005EA0C0 /* Landmarks */,
				33A294E227E89CE2005EA0C0 /* LandmarksTests */,
				33A294EC27E89CE2005EA0C0 /* LandmarksUITests */,
				33A294D027E89CDF005EA0C0 /* Products */,
			);
			sourceTree = "<group>";
		};
		33A294D027E89CDF005EA0C0 /* Products */ = {
			isa = PBXGroup;
			children = (
				33A294CF27E89CDF005EA0C0 /* Landmarks.app */,
				33A294DF27E89CE2005EA0C0 /* LandmarksTests.xctest */,
				33A294E927E89CE2005EA0C0 /* LandmarksUITests.xctest */,
			);
			name = Products;
			sourceTree = "<group>";
		};
		33A294D127E89CDF005EA0C0 /* Landmarks */ = {
			isa = PBXGroup;
			children = (
				33A294D227E89CDF005EA0C0 /* LandmarksApp.swift */,
				33A2950827E8D354005EA0C0 /* Resources */,
				33A2950727E8D31F005EA0C0 /* Models */,
				33A2950627E8D315005EA0C0 /* Views */,
				33A294D627E89CE1005EA0C0 /* Assets.xcassets */,
				33A294D827E89CE1005EA0C0 /* Preview Content */,
			);
			path = Landmarks;
			sourceTree = "<group>";
		};
		33A294D827E89CE1005EA0C0 /* Preview Content */ = {
			isa = PBXGroup;
			children = (
				33A294D927E89CE1005EA0C0 /* Preview Assets.xcassets */,
			);
			path = "Preview Content";
			sourceTree = "<group>";
		};
		33A294E227E89CE2005EA0C0 /* LandmarksTests */ = {
			isa = PBXGroup;
			children = (
				33A294E327E89CE2005EA0C0 /* LandmarksTests.swift */,
			);
			path = LandmarksTests;
			sourceTree = "<group>";
		};
		33A294EC27E89CE2005EA0C0 /* LandmarksUITests */ = {
			isa = PBXGroup;
			children = (
				33A294ED27E89CE2005EA0C0 /* LandmarksUITests.swift */,
				33A294EF27E89CE2005EA0C0 /* LandmarksUITestsLaunchTests.swift */,
			);
			path = LandmarksUITests;
			sourceTree = "<group>";
		};
		33A2950627E8D315005EA0C0 /* Views */ = {
			isa = PBXGroup;
			children = (
				33A294FC27E8A67B005EA0C0 /* CircleImage.swift */,
				33A294FE27E8A80F005EA0C0 /* MapView.swift */,
				33A294D427E89CDF005EA0C0 /* ContentView.swift */,
			);
			path = Views;
			sourceTree = "<group>";
		};
		33A2950727E8D31F005EA0C0 /* Models */ = {
			isa = PBXGroup;
			children = (
				33A2950227E8C778005EA0C0 /* Landmark.swift */,
				33A2950427E8CAD0005EA0C0 /* ModelData.swift */,
			);
			path = Models;
			sourceTree = "<group>";
		};
		33A2950827E8D354005EA0C0 /* Resources */ = {
			isa = PBXGroup;
			children = (
				33A2950027E8C74A005EA0C0 /* landmarkData.json */,
			);
			path = Resources;
			sourceTree = "<group>";
		};
/* End PBXGroup section */

/* Begin PBXNativeTarget section */
		33A294CE27E89CDF005EA0C0 /* Landmarks */ = {
			isa = PBXNativeTarget;
			buildConfigurationList = 33A294F327E89CE2005EA0C0 /* Build configuration list for PBXNativeTarget "Landmarks" */;
			buildPhases = (
				33A294CB27E89CDF005EA0C0 /* Sources */,
				33A294CC27E89CDF005EA0C0 /* Frameworks */,
				33A294CD27E89CDF005EA0C0 /* Resources */,
			);
			buildRules = (
			);
			dependencies = (
			);
			name = Landmarks;
			productName = Landmarks;
			productReference = 33A294CF27E89CDF005EA0C0 /* Landmarks.app */;
			productType = "com.apple.product-type.application";
		};
		33A294DE27E89CE2005EA0C0 /* LandmarksTests */ = {
			isa = PBXNativeTarget;
			buildConfigurationList = 33A294F627E89CE2005EA0C0 /* Build configuration list for PBXNativeTarget "LandmarksTests" */;
			buildPhases = (
				33A294DB27E89CE2005EA0C0 /* Sources */,
				33A294DC27E89CE2005EA0C0 /* Frameworks */,
				33A294DD27E89CE2005EA0C0 /* Resources */,
			);
			buildRules = (
			);
			dependencies = (
				33A294E127E89CE2005EA0C0 /* PBXTargetDependency */,
			);
			name = LandmarksTests;
			productName = LandmarksTests;
			productReference = 33A294DF27E89CE2005EA0C0 /* LandmarksTests.xctest */;
			productType = "com.apple.product-type.bundle.unit-test";
		};
		33A294E827E89CE2005EA0C0 /* LandmarksUITests */ = {
			isa = PBXNativeTarget;
			buildConfigurationList = 33A294F927E89CE2005EA0C0 /* Build configuration list for PBXNativeTarget "LandmarksUITests" */;
			buildPhases = (
				33A294E527E89CE2005EA0C0 /* Sources */,
				33A294E627E89CE2005EA0C0 /* Frameworks */,
				33A294E727E89CE2005EA0C0 /* Resources */,
			);
			buildRules = (
			);
			dependencies = (
				33A294EB27E89CE2005EA0C0 /* PBXTargetDependency */,
			);
			name = LandmarksUITests;
			productName = LandmarksUITests;
			productReference = 33A294E927E89CE2005EA0C0 /* LandmarksUITests.xctest */;
			productType = "com.apple.product-type.bundle.ui-testing";
		};
/* End PBXNativeTarget section */

/* Begin PBXProject section */
		33A294C727E89CDF005EA0C0 /* Project object */ = {
			isa = PBXProject;
			attributes = {
				BuildIndependentTargetsInParallel = 1;
				LastSwiftUpdateCheck = 1310;
				LastUpgradeCheck = 1310;
				TargetAttributes = {
					33A294CE27E89CDF005EA0C0 = {
						CreatedOnToolsVersion = 13.1;
					};
					33A294DE27E89CE2005EA0C0 = {
						CreatedOnToolsVersion = 13.1;
						TestTargetID = 33A294CE27E89CDF005EA0C0;
					};
					33A294E827E89CE2005EA0C0 = {
						CreatedOnToolsVersion = 13.1;
						TestTargetID = 33A294CE27E89CDF005EA0C0;
					};
				};
			};
			buildConfigurationList = 33A294CA27E89CDF005EA0C0 /* Build configuration list for PBXProject "Landmarks" */;
			compatibilityVersion = "Xcode 13.0";
			developmentRegion = en;
			hasScannedForEncodings = 0;
			knownRegions = (
				en,
				Base,
			);
			mainGroup = 33A294C627E89CDF005EA0C0;
			productRefGroup = 33A294D027E89CDF005EA0C0 /* Products */;
			projectDirPath = "";
			projectRoot = "";
			targets = (
				33A294CE27E89CDF005EA0C0 /* Landmarks */,
				33A294DE27E89CE2005EA0C0 /* LandmarksTests */,
				33A294E827E89CE2005EA0C0 /* LandmarksUITests */,
			);
		};
/* End PBXProject section */

/* Begin PBXResourcesBuildPhase section */
		33A294CD27E89CDF005EA0C0 /* Resources */ = {
			isa = PBXResourcesBuildPhase;
			buildActionMask = 2147483647;
			files = (
				33A294DA27E89CE1005EA0C0 /* Preview Assets.xcassets in Resources */,
				33A294D727E89CE1005EA0C0 /* Assets.xcassets in Resources */,
				33A2950127E8C74B005EA0C0 /* landmarkData.json in Resources */,
			);
			runOnlyForDeploymentPostprocessing = 0;
		};
		33A294DD27E89CE2005EA0C0 /* Resources */ = {
			isa = PBXResourcesBuildPhase;
			buildActionMask = 2147483647;
			files = (
			);
			runOnlyForDeploymentPostprocessing = 0;
		};
		33A294E727E89CE2005EA0C0 /* Resources */ = {
			isa = PBXResourcesBuildPhase;
			buildActionMask = 2147483647;
			files = (
			);
			runOnlyForDeploymentPostprocessing = 0;
		};
/* End PBXResourcesBuildPhase section */

/* Begin PBXSourcesBuildPhase section */
		33A294CB27E89CDF005EA0C0 /* Sources */ = {
			isa = PBXSourcesBuildPhase;
			buildActionMask = 2147483647;
			files = (
				33A294D527E89CDF005EA0C0 /* ContentView.swift in Sources */,
				33A294FF27E8A80F005EA0C0 /* MapView.swift in Sources */,
				33A294D327E89CDF005EA0C0 /* LandmarksApp.swift in Sources */,
				33A294FD27E8A67B005EA0C0 /* CircleImage.swift in Sources */,
				33A2950327E8C778005EA0C0 /* Landmark.swift in Sources */,
				33A2950527E8CAD0005EA0C0 /* ModelData.swift in Sources */,
			);
			runOnlyForDeploymentPostprocessing = 0;
		};
		33A294DB27E89CE2005EA0C0 /* Sources */ = {
			isa = PBXSourcesBuildPhase;
			buildActionMask = 2147483647;
			files = (
				33A294E427E89CE2005EA0C0 /* LandmarksTests.swift in Sources */,
			);
			runOnlyForDeploymentPostprocessing = 0;
		};
		33A294E527E89CE2005EA0C0 /* Sources */ = {
			isa = PBXSourcesBuildPhase;
			buildActionMask = 2147483647;
			files = (
				33A294F027E89CE2005EA0C0 /* LandmarksUITestsLaunchTests.swift in Sources */,
				33A294EE27E89CE2005EA0C0 /* LandmarksUITests.swift in Sources */,
			);
			runOnlyForDeploymentPostprocessing = 0;
		};
/* End PBXSourcesBuildPhase section */

/* Begin PBXTargetDependency section */
		33A294E127E89CE2005EA0C0 /* PBXTargetDependency */ = {
			isa = PBXTargetDependency;
			target = 33A294CE27E89CDF005EA0C0 /* Landmarks */;
			targetProxy = 33A294E027E89CE2005EA0C0 /* PBXContainerItemProxy */;
		};
		33A294EB27E89CE2005EA0C0 /* PBXTargetDependency */ = {
			isa = PBXTargetDependency;
			target = 33A294CE27E89CDF005EA0C0 /* Landmarks */;
			targetProxy = 33A294EA27E89CE2005EA0C0 /* PBXContainerItemProxy */;
		};
/* End PBXTargetDependency section */

/* Begin XCBuildConfiguration section */
		33A294F127E89CE2005EA0C0 /* Debug */ = {
			isa = XCBuildConfiguration;
			buildSettings = {
				ALWAYS_SEARCH_USER_PATHS = NO;
				CLANG_ANALYZER_NONNULL = YES;
				CLANG_ANALYZER_NUMBER_OBJECT_CONVERSION = YES_AGGRESSIVE;
				CLANG_CXX_LANGUAGE_STANDARD = "gnu++17";
				CLANG_CXX_LIBRARY = "libc++";
				CLANG_ENABLE_MODULES = YES;
				CLANG_ENABLE_OBJC_ARC = YES;
				CLANG_ENABLE_OBJC_WEAK = YES;
				CLANG_WARN_BLOCK_CAPTURE_AUTORELEASING = YES;
				CLANG_WARN_BOOL_CONVERSION = YES;
				CLANG_WARN_COMMA = YES;
				CLANG_WARN_CONSTANT_CONVERSION = YES;
				CLANG_WARN_DEPRECATED_OBJC_IMPLEMENTATIONS = YES;
				CLANG_WARN_DIRECT_OBJC_ISA_USAGE = YES_ERROR;
				CLANG_WARN_DOCUMENTATION_COMMENTS = YES;
				CLANG_WARN_EMPTY_BODY = YES;
				CLANG_WARN_ENUM_CONVERSION = YES;
				CLANG_WARN_INFINITE_RECURSION = YES;
				CLANG_WARN_INT_CONVERSION = YES;
				CLANG_WARN_NON_LITERAL_NULL_CONVERSION = YES;
				CLANG_WARN_OBJC_IMPLICIT_RETAIN_SELF = YES;
				CLANG_WARN_OBJC_LITERAL_CONVERSION = YES;
				CLANG_WARN_OBJC_ROOT_CLASS = YES_ERROR;
				CLANG_WARN_QUOTED_INCLUDE_IN_FRAMEWORK_HEADER = YES;
				CLANG_WARN_RANGE_LOOP_ANALYSIS = YES;
				CLANG_WARN_STRICT_PROTOTYPES = YES;
				CLANG_WARN_SUSPICIOUS_MOVE = YES;
				CLANG_WARN_UNGUARDED_AVAILABILITY = YES_AGGRESSIVE;
				CLANG_WARN_UNREACHABLE_CODE = YES;
				CLANG_WARN__DUPLICATE_METHOD_MATCH = YES;
				COPY_PHASE_STRIP = NO;
				DEBUG_INFORMATION_FORMAT = dwarf;
				ENABLE_STRICT_OBJC_MSGSEND = YES;
				ENABLE_TESTABILITY = YES;
				GCC_C_LANGUAGE_STANDARD = gnu11;
				GCC_DYNAMIC_NO_PIC = NO;
				GCC_NO_COMMON_BLOCKS = YES;
				GCC_OPTIMIZATION_LEVEL = 0;
				GCC_PREPROCESSOR_DEFINITIONS = (
					"DEBUG=1",
					"$(inherited)",
				);
				GCC_WARN_64_TO_32_BIT_CONVERSION = YES;
				GCC_WARN_ABOUT_RETURN_TYPE = YES_ERROR;
				GCC_WARN_UNDECLARED_SELECTOR = YES;
				GCC_WARN_UNINITIALIZED_AUTOS = YES_AGGRESSIVE;
				GCC_WARN_UNUSED_FUNCTION = YES;
				GCC_WARN_UNUSED_VARIABLE = YES;
				IPHONEOS_DEPLOYMENT_TARGET = 15.0;
				MTL_ENABLE_DEBUG_INFO = INCLUDE_SOURCE;
				MTL_FAST_MATH = YES;
				ONLY_ACTIVE_ARCH = YES;
				SDKROOT = iphoneos;
				SWIFT_ACTIVE_COMPILATION_CONDITIONS = DEBUG;
				SWIFT_OPTIMIZATION_LEVEL = "-Onone";
			};
			name = Debug;
		};
		33A294F227E89CE2005EA0C0 /* Release */ = {
			isa = XCBuildConfiguration;
			buildSettings = {
				ALWAYS_SEARCH_USER_PATHS = NO;
				CLANG_ANALYZER_NONNULL = YES;
				CLANG_ANALYZER_NUMBER_OBJECT_CONVERSION = YES_AGGRESSIVE;
				CLANG_CXX_LANGUAGE_STANDARD = "gnu++17";
				CLANG_CXX_LIBRARY = "libc++";
				CLANG_ENABLE_MODULES = YES;
				CLANG_ENABLE_OBJC_ARC = YES;
				CLANG_ENABLE_OBJC_WEAK = YES;
				CLANG_WARN_BLOCK_CAPTURE_AUTORELEASING = YES;
				CLANG_WARN_BOOL_CONVERSION = YES;
				CLANG_WARN_COMMA = YES;
				CLANG_WARN_CONSTANT_CONVERSION = YES;
				CLANG_WARN_DEPRECATED_OBJC_IMPLEMENTATIONS = YES;
				CLANG_WARN_DIRECT_OBJC_ISA_USAGE = YES_ERROR;
				CLANG_WARN_DOCUMENTATION_COMMENTS = YES;
				CLANG_WARN_EMPTY_BODY = YES;
				CLANG_WARN_ENUM_CONVERSION = YES;
				CLANG_WARN_INFINITE_RECURSION = YES;
				CLANG_WARN_INT_CONVERSION = YES;
				CLANG_WARN_NON_LITERAL_NULL_CONVERSION = YES;
				CLANG_WARN_OBJC_IMPLICIT_RETAIN_SELF = YES;
				CLANG_WARN_OBJC_LITERAL_CONVERSION = YES;
				CLANG_WARN_OBJC_ROOT_CLASS = YES_ERROR;
				CLANG_WARN_QUOTED_INCLUDE_IN_FRAMEWORK_HEADER = YES;
				CLANG_WARN_RANGE_LOOP_ANALYSIS = YES;
				CLANG_WARN_STRICT_PROTOTYPES = YES;
				CLANG_WARN_SUSPICIOUS_MOVE = YES;
				CLANG_WARN_UNGUARDED_AVAILABILITY = YES_AGGRESSIVE;
				CLANG_WARN_UNREACHABLE_CODE = YES;
				CLANG_WARN__DUPLICATE_METHOD_MATCH = YES;
				COPY_PHASE_STRIP = NO;
				DEBUG_INFORMATION_FORMAT = "dwarf-with-dsym";
				ENABLE_NS_ASSERTIONS = NO;
				ENABLE_STRICT_OBJC_MSGSEND = YES;
				GCC_C_LANGUAGE_STANDARD = gnu11;
				GCC_NO_COMMON_BLOCKS = YES;
				GCC_WARN_64_TO_32_BIT_CONVERSION = YES;
				GCC_WARN_ABOUT_RETURN_TYPE = YES_ERROR;
				GCC_WARN_UNDECLARED_SELECTOR = YES;
				GCC_WARN_UNINITIALIZED_AUTOS = YES_AGGRESSIVE;
				GCC_WARN_UNUSED_FUNCTION = YES;
				GCC_WARN_UNUSED_VARIABLE = YES;
				IPHONEOS_DEPLOYMENT_TARGET = 15.0;
				MTL_ENABLE_DEBUG_INFO = NO;
				MTL_FAST_MATH = YES;
				SDKROOT = iphoneos;
				SWIFT_COMPILATION_MODE = wholemodule;
				SWIFT_OPTIMIZATION_LEVEL = "-O";
				VALIDATE_PRODUCT = YES;
			};
			name = Release;
		};
		33A294F427E89CE2005EA0C0 /* Debug */ = {
			isa = XCBuildConfiguration;
			buildSettings = {
				ASSETCATALOG_COMPILER_APPICON_NAME = AppIcon;
				ASSETCATALOG_COMPILER_GLOBAL_ACCENT_COLOR_NAME = AccentColor;
				CODE_SIGN_STYLE = Automatic;
				CURRENT_PROJECT_VERSION = 1;
				DEVELOPMENT_ASSET_PATHS = "\"Landmarks/Preview Content\"";
				DEVELOPMENT_TEAM = BF7C49H6W8;
				ENABLE_PREVIEWS = YES;
				GENERATE_INFOPLIST_FILE = YES;
				INFOPLIST_KEY_UIApplicationSceneManifest_Generation = YES;
				INFOPLIST_KEY_UIApplicationSupportsIndirectInputEvents = YES;
				INFOPLIST_KEY_UILaunchScreen_Generation = YES;
				INFOPLIST_KEY_UISupportedInterfaceOrientations_iPad = "UIInterfaceOrientationPortrait UIInterfaceOrientationPortraitUpsideDown UIInterfaceOrientationLandscapeLeft UIInterfaceOrientationLandscapeRight";
				INFOPLIST_KEY_UISupportedInterfaceOrientations_iPhone = "UIInterfaceOrientationPortrait UIInterfaceOrientationLandscapeLeft UIInterfaceOrientationLandscapeRight";
				LD_RUNPATH_SEARCH_PATHS = (
					"$(inherited)",
					"@executable_path/Frameworks",
				);
				MARKETING_VERSION = 1.0;
				PRODUCT_BUNDLE_IDENTIFIER = com.davidbartlett.Landmarks;
				PRODUCT_NAME = "$(TARGET_NAME)";
				SWIFT_EMIT_LOC_STRINGS = YES;
				SWIFT_VERSION = 5.0;
				TARGETED_DEVICE_FAMILY = "1,2";
			};
			name = Debug;
		};
		33A294F527E89CE2005EA0C0 /* Release */ = {
			isa = XCBuildConfiguration;
			buildSettings = {
				ASSETCATALOG_COMPILER_APPICON_NAME = AppIcon;
				ASSETCATALOG_COMPILER_GLOBAL_ACCENT_COLOR_NAME = AccentColor;
				CODE_SIGN_STYLE = Automatic;
				CURRENT_PROJECT_VERSION = 1;
				DEVELOPMENT_ASSET_PATHS = "\"Landmarks/Preview Content\"";
				DEVELOPMENT_TEAM = BF7C49H6W8;
				ENABLE_PREVIEWS = YES;
				GENERATE_INFOPLIST_FILE = YES;
				INFOPLIST_KEY_UIApplicationSceneManifest_Generation = YES;
				INFOPLIST_KEY_UIApplicationSupportsIndirectInputEvents = YES;
				INFOPLIST_KEY_UILaunchScreen_Generation = YES;
				INFOPLIST_KEY_UISupportedInterfaceOrientations_iPad = "UIInterfaceOrientationPortrait UIInterfaceOrientationPortraitUpsideDown UIInterfaceOrientationLandscapeLeft UIInterfaceOrientationLandscapeRight";
				INFOPLIST_KEY_UISupportedInterfaceOrientations_iPhone = "UIInterfaceOrientationPortrait UIInterfaceOrientationLandscapeLeft UIInterfaceOrientationLandscapeRight";
				LD_RUNPATH_SEARCH_PATHS = (
					"$(inherited)",
					"@executable_path/Frameworks",
				);
				MARKETING_VERSION = 1.0;
				PRODUCT_BUNDLE_IDENTIFIER = com.davidbartlett.Landmarks;
				PRODUCT_NAME = "$(TARGET_NAME)";
				SWIFT_EMIT_LOC_STRINGS = YES;
				SWIFT_VERSION = 5.0;
				TARGETED_DEVICE_FAMILY = "1,2";
			};
			name = Release;
		};
		33A294F727E89CE2005EA0C0 /* Debug */ = {
			isa = XCBuildConfiguration;
			buildSettings = {
				ALWAYS_EMBED_SWIFT_STANDARD_LIBRARIES = YES;
				BUNDLE_LOADER = "$(TEST_HOST)";
				CODE_SIGN_STYLE = Automatic;
				CURRENT_PROJECT_VERSION = 1;
				DEVELOPMENT_TEAM = BF7C49H6W8;
				GENERATE_INFOPLIST_FILE = YES;
				IPHONEOS_DEPLOYMENT_TARGET = 15.0;
				LD_RUNPATH_SEARCH_PATHS = (
					"$(inherited)",
					"@executable_path/Frameworks",
					"@loader_path/Frameworks",
				);
				MARKETING_VERSION = 1.0;
				PRODUCT_BUNDLE_IDENTIFIER = com.davidbartlett.LandmarksTests;
				PRODUCT_NAME = "$(TARGET_NAME)";
				SWIFT_EMIT_LOC_STRINGS = NO;
				SWIFT_VERSION = 5.0;
				TARGETED_DEVICE_FAMILY = "1,2";
				TEST_HOST = "$(BUILT_PRODUCTS_DIR)/Landmarks.app/Landmarks";
			};
			name = Debug;
		};
		33A294F827E89CE2005EA0C0 /* Release */ = {
			isa = XCBuildConfiguration;
			buildSettings = {
				ALWAYS_EMBED_SWIFT_STANDARD_LIBRARIES = YES;
				BUNDLE_LOADER = "$(TEST_HOST)";
				CODE_SIGN_STYLE = Automatic;
				CURRENT_PROJECT_VERSION = 1;
				DEVELOPMENT_TEAM = BF7C49H6W8;
				GENERATE_INFOPLIST_FILE = YES;
				IPHONEOS_DEPLOYMENT_TARGET = 15.0;
				LD_RUNPATH_SEARCH_PATHS = (
					"$(inherited)",
					"@executable_path/Frameworks",
					"@loader_path/Frameworks",
				);
				MARKETING_VERSION = 1.0;
				PRODUCT_BUNDLE_IDENTIFIER = com.davidbartlett.LandmarksTests;
				PRODUCT_NAME = "$(TARGET_NAME)";
				SWIFT_EMIT_LOC_STRINGS = NO;
				SWIFT_VERSION = 5.0;
				TARGETED_DEVICE_FAMILY = "1,2";
				TEST_HOST = "$(BUILT_PRODUCTS_DIR)/Landmarks.app/Landmarks";
			};
			name = Release;
		};
		33A294FA27E89CE2005EA0C0 /* Debug */ = {
			isa = XCBuildConfiguration;
			buildSettings = {
				ALWAYS_EMBED_SWIFT_STANDARD_LIBRARIES = YES;
				CODE_SIGN_STYLE = Automatic;
				CURRENT_PROJECT_VERSION = 1;
				DEVELOPMENT_TEAM = BF7C49H6W8;
				GENERATE_INFOPLIST_FILE = YES;
				LD_RUNPATH_SEARCH_PATHS = (
					"$(inherited)",
					"@executable_path/Frameworks",
					"@loader_path/Frameworks",
				);
				MARKETING_VERSION = 1.0;
				PRODUCT_BUNDLE_IDENTIFIER = com.davidbartlett.LandmarksUITests;
				PRODUCT_NAME = "$(TARGET_NAME)";
				SWIFT_EMIT_LOC_STRINGS = NO;
				SWIFT_VERSION = 5.0;
				TARGETED_DEVICE_FAMILY = "1,2";
				TEST_TARGET_NAME = Landmarks;
			};
			name = Debug;
		};
		33A294FB27E89CE2005EA0C0 /* Release */ = {
			isa = XCBuildConfiguration;
			buildSettings = {
				ALWAYS_EMBED_SWIFT_STANDARD_LIBRARIES = YES;
				CODE_SIGN_STYLE = Automatic;
				CURRENT_PROJECT_VERSION = 1;
				DEVELOPMENT_TEAM = BF7C49H6W8;
				GENERATE_INFOPLIST_FILE = YES;
				LD_RUNPATH_SEARCH_PATHS = (
					"$(inherited)",
					"@executable_path/Frameworks",
					"@loader_path/Frameworks",
				);
				MARKETING_VERSION = 1.0;
				PRODUCT_BUNDLE_IDENTIFIER = com.davidbartlett.LandmarksUITests;
				PRODUCT_NAME = "$(TARGET_NAME)";
				SWIFT_EMIT_LOC_STRINGS = NO;
				SWIFT_VERSION = 5.0;
				TARGETED_DEVICE_FAMILY = "1,2";
				TEST_TARGET_NAME = Landmarks;
			};
			name = Release;
		};
/* End XCBuildConfiguration section */

/* Begin XCConfigurationList section */
		33A294CA27E89CDF005EA0C0 /* Build configuration list for PBXProject "Landmarks" */ = {
			isa = XCConfigurationList;
			buildConfigurations = (
				33A294F127E89CE2005EA0C0 /* Debug */,
				33A294F227E89CE2005EA0C0 /* Release */,
			);
			defaultConfigurationIsVisible = 0;
			defaultConfigurationName = Release;
		};
		33A294F327E89CE2005EA0C0 /* Build configuration list for PBXNativeTarget "Landmarks" */ = {
			isa = XCConfigurationList;
			buildConfigurations = (
				33A294F427E89CE2005EA0C0 /* Debug */,
				33A294F527E89CE2005EA0C0 /* Release */,
			);
			defaultConfigurationIsVisible = 0;
			defaultConfigurationName = Release;
		};
		33A294F627E89CE2005EA0C0 /* Build configuration list for PBXNativeTarget "LandmarksTests" */ = {
			isa = XCConfigurationList;
			buildConfigurations = (
				33A294F727E89CE2005EA0C0 /* Debug */,
				33A294F827E89CE2005EA0C0 /* Release */,
			);
			defaultConfigurationIsVisible = 0;
			defaultConfigurationName = Release;
		};
		33A294F927E89CE2005EA0C0 /* Build configuration list for PBXNativeTarget "LandmarksUITests" */ = {
			isa = XCConfigurationList;
			buildConfigurations = (
				33A294FA27E89CE2005EA0C0 /* Debug */,
				33A294FB27E89CE2005EA0C0 /* Release */,
			);
			defaultConfigurationIsVisible = 0;
			defaultConfigurationName = Release;
		};
/* End XCConfigurationList section */
	};
	rootObject = 33A294C727E89CDF005EA0C0 /* Project object */;
}
